
Microsoft Visual Studio Solution File, Format Version 12.00
# Visual Studio 15
VisualStudioVersion = 15.0.28307.1300
MinimumVisualStudioVersion = 10.0.40219.1
Project("{9A19103F-16F7-4668-BE54-9A1E7A4F7556}") = "web", "web.csproj", "{6DCB5F44-FDA1-485F-8884-6A5B1AC8AF53}"
EndProject
Global
	GlobalSection(SolutionConfigurationPlatforms) = preSolution
		Debug|Any CPU = Debug|Any CPU
		Release|Any CPU = Release|Any CPU
	EndGlobalSection
	GlobalSection(ProjectConfigurationPlatforms) = postSolution
		{6DCB5F44-FDA1-485F-8884-6A5B1AC8AF53}.Debug|Any CPU.ActiveCfg = Debug|Any CPU
		{6DCB5F44-FDA1-485F-8884-6A5B1AC8AF53}.Debug|Any CPU.Build.0 = Debug|Any CPU
		{6DCB5F44-FDA1-485F-8884-6A5B1AC8AF53}.Release|Any CPU.ActiveCfg = Release|Any CPU
		{6DCB5F44-FDA1-485F-8884-6A5B1AC8AF53}.Release|Any CPU.Build.0 = Release|Any CPU
	EndGlobalSection
	GlobalSection(SolutionProperties) = preSolution
		HideSolutionNode = FALSE
	EndGlobalSection
	GlobalSection(ExtensibilityGlobals) = postSolution
		SolutionGuid = {C8F8EA0B-76C1-4816-B13C-99567FCD7187}
	EndGlobalSection
EndGlobal
